// !$*UTF8*$!
{
	archiveVersion = 1;
	classes = {
	};
	objectVersion = 55;
	objects = {

/* Begin PBXBuildFile section */
		5C145B592721DA970091C02A /* TextFieldTableViewCell.swift in Sources */ = {isa = PBXBuildFile; fileRef = 5C145B582721DA970091C02A /* TextFieldTableViewCell.swift */; };
		5C145B5D2721DF090091C02A /* ImagePickerManager.swift in Sources */ = {isa = PBXBuildFile; fileRef = 5C145B5C2721DF090091C02A /* ImagePickerManager.swift */; };
		5C86C9F8271DE4BE00FD1C2C /* TaskScreen.storyboard in Resources */ = {isa = PBXBuildFile; fileRef = 5C86C9F7271DE4BE00FD1C2C /* TaskScreen.storyboard */; };
		5C86C9FA271DE4E200FD1C2C /* PetDetails.storyboard in Resources */ = {isa = PBXBuildFile; fileRef = 5C86C9F9271DE4E200FD1C2C /* PetDetails.storyboard */; };
		5C86C9FC271DE91000FD1C2C /* PetDetailsViewController.swift in Sources */ = {isa = PBXBuildFile; fileRef = 5C86C9FB271DE91000FD1C2C /* PetDetailsViewController.swift */; };
		5C86C9FE271E0CAC00FD1C2C /* ShareTableViewCell.swift in Sources */ = {isa = PBXBuildFile; fileRef = 5C86C9FD271E0CAC00FD1C2C /* ShareTableViewCell.swift */; };
		9D1788B3271DE8CF00C839DF /* TaskTableViewCell.swift in Sources */ = {isa = PBXBuildFile; fileRef = 9D1788B2271DE8CF00C839DF /* TaskTableViewCell.swift */; };
		9D1E7502270E118E00321E54 /* AppDelegate.swift in Sources */ = {isa = PBXBuildFile; fileRef = 9D1E7501270E118E00321E54 /* AppDelegate.swift */; };
		9D1E7504270E118E00321E54 /* SceneDelegate.swift in Sources */ = {isa = PBXBuildFile; fileRef = 9D1E7503270E118E00321E54 /* SceneDelegate.swift */; };
		9D1E7506270E118E00321E54 /* FeedViewController.swift in Sources */ = {isa = PBXBuildFile; fileRef = 9D1E7505270E118E00321E54 /* FeedViewController.swift */; };
		9D1E7509270E118E00321E54 /* Main.storyboard in Resources */ = {isa = PBXBuildFile; fileRef = 9D1E7507270E118E00321E54 /* Main.storyboard */; };
		9D1E750B270E119000321E54 /* Assets.xcassets in Resources */ = {isa = PBXBuildFile; fileRef = 9D1E750A270E119000321E54 /* Assets.xcassets */; };
		9D1E750E270E119000321E54 /* LaunchScreen.storyboard in Resources */ = {isa = PBXBuildFile; fileRef = 9D1E750C270E119000321E54 /* LaunchScreen.storyboard */; };
		9D5A1D292718B52B00637589 /* NewPet.storyboard in Resources */ = {isa = PBXBuildFile; fileRef = 9D5A1D282718B52B00637589 /* NewPet.storyboard */; };
		9D5A1D2C2718BD3E00637589 /* Pets.storyboard in Resources */ = {isa = PBXBuildFile; fileRef = 9D5A1D2B2718BD3E00637589 /* Pets.storyboard */; };
		9D5A1D2E2718BD5A00637589 /* PetsViewController.swift in Sources */ = {isa = PBXBuildFile; fileRef = 9D5A1D2D2718BD5A00637589 /* PetsViewController.swift */; };
		9D5A1D302718BD6600637589 /* PetsModel.swift in Sources */ = {isa = PBXBuildFile; fileRef = 9D5A1D2F2718BD6600637589 /* PetsModel.swift */; };
		9D6449CB272898A8007BFB63 /* PersistanceManager.swift in Sources */ = {isa = PBXBuildFile; fileRef = 9D6449CA272898A8007BFB63 /* PersistanceManager.swift */; };
		9D75F9EA2710C54D001FF11C /* Localizable.strings in Resources */ = {isa = PBXBuildFile; fileRef = 9D75F9EC2710C54D001FF11C /* Localizable.strings */; };
		9D90D1412728683300689292 /* Model.xcdatamodeld in Sources */ = {isa = PBXBuildFile; fileRef = 9D90D13F2728683300689292 /* Model.xcdatamodeld */; };
		9DCC58E227189992007A800C /* FeedModel.swift in Sources */ = {isa = PBXBuildFile; fileRef = 9DCC58E127189992007A800C /* FeedModel.swift */; };
		9DCC58E4271899B1007A800C /* Settings.storyboard in Resources */ = {isa = PBXBuildFile; fileRef = 9DCC58E3271899B1007A800C /* Settings.storyboard */; };
		9DCC58E6271899C7007A800C /* SettingsViewController.swift in Sources */ = {isa = PBXBuildFile; fileRef = 9DCC58E5271899C7007A800C /* SettingsViewController.swift */; };
		9DCC58E8271899E4007A800C /* SettingsModel.swift in Sources */ = {isa = PBXBuildFile; fileRef = 9DCC58E7271899E4007A800C /* SettingsModel.swift */; };
		9DCC58EA27189A0A007A800C /* Task.storyboard in Resources */ = {isa = PBXBuildFile; fileRef = 9DCC58E927189A0A007A800C /* Task.storyboard */; };
		9DCC58EC27189A1E007A800C /* TaskViewController.swift in Sources */ = {isa = PBXBuildFile; fileRef = 9DCC58EB27189A1E007A800C /* TaskViewController.swift */; };
		9DCC58EE27189A2C007A800C /* TaskModel.swift in Sources */ = {isa = PBXBuildFile; fileRef = 9DCC58ED27189A2C007A800C /* TaskModel.swift */; };
		F496C572271A140C00443927 /* NewPetViewController.swift in Sources */ = {isa = PBXBuildFile; fileRef = F496C571271A140C00443927 /* NewPetViewController.swift */; };
		F496C574271F597C00443927 /* TaskScreenViewController.swift in Sources */ = {isa = PBXBuildFile; fileRef = F496C573271F597C00443927 /* TaskScreenViewController.swift */; };
		F496C576271F612300443927 /* TaskScreenTableViewCell.swift in Sources */ = {isa = PBXBuildFile; fileRef = F496C575271F612300443927 /* TaskScreenTableViewCell.swift */; };
		F4D612982729E3A200C49FCB /* TasksArray.swift in Sources */ = {isa = PBXBuildFile; fileRef = F4D612972729E3A200C49FCB /* TasksArray.swift */; };
		F4D6129E272B3BE300C49FCB /* TaskSettingsViewController.swift in Sources */ = {isa = PBXBuildFile; fileRef = F4D6129D272B3BE300C49FCB /* TaskSettingsViewController.swift */; };
		F4D612A0272B491800C49FCB /* addWarningTableViewCell.swift in Sources */ = {isa = PBXBuildFile; fileRef = F4D6129F272B491800C49FCB /* addWarningTableViewCell.swift */; };
		F4D612A2272B492E00C49FCB /* warningTableViewCell.swift in Sources */ = {isa = PBXBuildFile; fileRef = F4D612A1272B492E00C49FCB /* warningTableViewCell.swift */; };
		F4D612A4272B493900C49FCB /* repeatTableViewCell.swift in Sources */ = {isa = PBXBuildFile; fileRef = F4D612A3272B493900C49FCB /* repeatTableViewCell.swift */; };
		F4D612A6272B494200C49FCB /* notesTableViewCell.swift in Sources */ = {isa = PBXBuildFile; fileRef = F4D612A5272B494200C49FCB /* notesTableViewCell.swift */; };
		FD06EAAC2721E9C700EC4D37 /* SF-Pro-Rounded-Black.otf in Resources */ = {isa = PBXBuildFile; fileRef = 9D1788AC271DE63900C839DF /* SF-Pro-Rounded-Black.otf */; };
		FD06EAAD2721E9C700EC4D37 /* SF-Pro-Rounded-Bold.otf in Resources */ = {isa = PBXBuildFile; fileRef = 9D1788AB271DE63900C839DF /* SF-Pro-Rounded-Bold.otf */; };
		FD06EAAE2721E9C700EC4D37 /* SF-Pro-Rounded-Heavy.otf in Resources */ = {isa = PBXBuildFile; fileRef = 9D1788AE271DE63900C839DF /* SF-Pro-Rounded-Heavy.otf */; };
		FD06EAAF2721E9C700EC4D37 /* SF-Pro-Rounded-Light.otf in Resources */ = {isa = PBXBuildFile; fileRef = 9D1788AA271DE63900C839DF /* SF-Pro-Rounded-Light.otf */; };
		FD06EAB02721E9C700EC4D37 /* SF-Pro-Rounded-Medium.otf in Resources */ = {isa = PBXBuildFile; fileRef = 9D1788AD271DE63900C839DF /* SF-Pro-Rounded-Medium.otf */; };
		FD06EAB22721E9C700EC4D37 /* SF-Pro-Rounded-Semibold.otf in Resources */ = {isa = PBXBuildFile; fileRef = 9D1788AF271DE63A00C839DF /* SF-Pro-Rounded-Semibold.otf */; };
		FD06EAB32721E9C700EC4D37 /* SF-Pro-Rounded-Thin.otf in Resources */ = {isa = PBXBuildFile; fileRef = 9D1788B1271DE63A00C839DF /* SF-Pro-Rounded-Thin.otf */; };
		FD06EAB42721E9C700EC4D37 /* SF-Pro-Rounded-Ultralight.otf in Resources */ = {isa = PBXBuildFile; fileRef = 9D1788A9271DE63900C839DF /* SF-Pro-Rounded-Ultralight.otf */; };
		FD06EAB52721E9C700EC4D37 /* SF-Pro-Rounded-Regular.otf in Resources */ = {isa = PBXBuildFile; fileRef = 9D295291271DE3A80079A685 /* SF-Pro-Rounded-Regular.otf */; };
		FD06EAB92721FA0B00EC4D37 /* AdjustmentsTableViewCell.swift in Sources */ = {isa = PBXBuildFile; fileRef = FD06EAB82721FA0B00EC4D37 /* AdjustmentsTableViewCell.swift */; };
		FD06EABB27232C0A00EC4D37 /* ContactTableViewCell.swift in Sources */ = {isa = PBXBuildFile; fileRef = FD06EABA27232C0A00EC4D37 /* ContactTableViewCell.swift */; };
		FD7599AE2727189300B86111 /* DevelopedByTableViewCell.swift in Sources */ = {isa = PBXBuildFile; fileRef = FD7599AD2727189300B86111 /* DevelopedByTableViewCell.swift */; };
		FD86996D271F14DA00FC9725 /* TasksSettingsViewController.swift in Sources */ = {isa = PBXBuildFile; fileRef = FD86996C271F14DA00FC9725 /* TasksSettingsViewController.swift */; };
		FD86996F271F288900FC9725 /* WarningsOfTaskSettingsTableViewCell.swift in Sources */ = {isa = PBXBuildFile; fileRef = FD86996E271F288900FC9725 /* WarningsOfTaskSettingsTableViewCell.swift */; };
/* End PBXBuildFile section */

/* Begin PBXFileReference section */
		5C145B582721DA970091C02A /* TextFieldTableViewCell.swift */ = {isa = PBXFileReference; lastKnownFileType = sourcecode.swift; path = TextFieldTableViewCell.swift; sourceTree = "<group>"; };
		5C145B5C2721DF090091C02A /* ImagePickerManager.swift */ = {isa = PBXFileReference; lastKnownFileType = sourcecode.swift; path = ImagePickerManager.swift; sourceTree = "<group>"; };
		5C86C9F7271DE4BE00FD1C2C /* TaskScreen.storyboard */ = {isa = PBXFileReference; lastKnownFileType = file.storyboard; path = TaskScreen.storyboard; sourceTree = "<group>"; };
		5C86C9F9271DE4E200FD1C2C /* PetDetails.storyboard */ = {isa = PBXFileReference; lastKnownFileType = file.storyboard; path = PetDetails.storyboard; sourceTree = "<group>"; };
		5C86C9FB271DE91000FD1C2C /* PetDetailsViewController.swift */ = {isa = PBXFileReference; lastKnownFileType = sourcecode.swift; path = PetDetailsViewController.swift; sourceTree = "<group>"; };
		5C86C9FD271E0CAC00FD1C2C /* ShareTableViewCell.swift */ = {isa = PBXFileReference; lastKnownFileType = sourcecode.swift; path = ShareTableViewCell.swift; sourceTree = "<group>"; };
		9D1788A9271DE63900C839DF /* SF-Pro-Rounded-Ultralight.otf */ = {isa = PBXFileReference; lastKnownFileType = file; path = "SF-Pro-Rounded-Ultralight.otf"; sourceTree = "<group>"; };
		9D1788AA271DE63900C839DF /* SF-Pro-Rounded-Light.otf */ = {isa = PBXFileReference; lastKnownFileType = file; path = "SF-Pro-Rounded-Light.otf"; sourceTree = "<group>"; };
		9D1788AB271DE63900C839DF /* SF-Pro-Rounded-Bold.otf */ = {isa = PBXFileReference; lastKnownFileType = file; path = "SF-Pro-Rounded-Bold.otf"; sourceTree = "<group>"; };
		9D1788AC271DE63900C839DF /* SF-Pro-Rounded-Black.otf */ = {isa = PBXFileReference; lastKnownFileType = file; path = "SF-Pro-Rounded-Black.otf"; sourceTree = "<group>"; };
		9D1788AD271DE63900C839DF /* SF-Pro-Rounded-Medium.otf */ = {isa = PBXFileReference; lastKnownFileType = file; path = "SF-Pro-Rounded-Medium.otf"; sourceTree = "<group>"; };
		9D1788AE271DE63900C839DF /* SF-Pro-Rounded-Heavy.otf */ = {isa = PBXFileReference; lastKnownFileType = file; path = "SF-Pro-Rounded-Heavy.otf"; sourceTree = "<group>"; };
		9D1788AF271DE63A00C839DF /* SF-Pro-Rounded-Semibold.otf */ = {isa = PBXFileReference; lastKnownFileType = file; path = "SF-Pro-Rounded-Semibold.otf"; sourceTree = "<group>"; };
		9D1788B0271DE63A00C839DF /* SF-Pro-Rounded-Regular.otf */ = {isa = PBXFileReference; lastKnownFileType = file; name = "SF-Pro-Rounded-Regular.otf"; path = "../../../../../../../../Library/Fonts/SF-Pro-Rounded-Regular.otf"; sourceTree = "<group>"; };
		9D1788B1271DE63A00C839DF /* SF-Pro-Rounded-Thin.otf */ = {isa = PBXFileReference; lastKnownFileType = file; path = "SF-Pro-Rounded-Thin.otf"; sourceTree = "<group>"; };
		9D1788B2271DE8CF00C839DF /* TaskTableViewCell.swift */ = {isa = PBXFileReference; lastKnownFileType = sourcecode.swift; path = TaskTableViewCell.swift; sourceTree = "<group>"; };
		9D1E74FE270E118E00321E54 /* petNames.app */ = {isa = PBXFileReference; explicitFileType = wrapper.application; includeInIndex = 0; path = petNames.app; sourceTree = BUILT_PRODUCTS_DIR; };
		9D1E7501270E118E00321E54 /* AppDelegate.swift */ = {isa = PBXFileReference; lastKnownFileType = sourcecode.swift; path = AppDelegate.swift; sourceTree = "<group>"; };
		9D1E7503270E118E00321E54 /* SceneDelegate.swift */ = {isa = PBXFileReference; lastKnownFileType = sourcecode.swift; path = SceneDelegate.swift; sourceTree = "<group>"; };
		9D1E7505270E118E00321E54 /* FeedViewController.swift */ = {isa = PBXFileReference; lastKnownFileType = sourcecode.swift; path = FeedViewController.swift; sourceTree = "<group>"; };
		9D1E7508270E118E00321E54 /* Base */ = {isa = PBXFileReference; lastKnownFileType = file.storyboard; name = Base; path = Base.lproj/Main.storyboard; sourceTree = "<group>"; };
		9D1E750A270E119000321E54 /* Assets.xcassets */ = {isa = PBXFileReference; lastKnownFileType = folder.assetcatalog; path = Assets.xcassets; sourceTree = "<group>"; };
		9D1E750D270E119000321E54 /* Base */ = {isa = PBXFileReference; lastKnownFileType = file.storyboard; name = Base; path = Base.lproj/LaunchScreen.storyboard; sourceTree = "<group>"; };
		9D1E750F270E119000321E54 /* Info.plist */ = {isa = PBXFileReference; lastKnownFileType = text.plist.xml; path = Info.plist; sourceTree = "<group>"; };
		9D295291271DE3A80079A685 /* SF-Pro-Rounded-Regular.otf */ = {isa = PBXFileReference; lastKnownFileType = file; path = "SF-Pro-Rounded-Regular.otf"; sourceTree = "<group>"; };
		9D5A1D282718B52B00637589 /* NewPet.storyboard */ = {isa = PBXFileReference; lastKnownFileType = file.storyboard; path = NewPet.storyboard; sourceTree = "<group>"; };
		9D5A1D2B2718BD3E00637589 /* Pets.storyboard */ = {isa = PBXFileReference; lastKnownFileType = file.storyboard; path = Pets.storyboard; sourceTree = "<group>"; };
		9D5A1D2D2718BD5A00637589 /* PetsViewController.swift */ = {isa = PBXFileReference; lastKnownFileType = sourcecode.swift; path = PetsViewController.swift; sourceTree = "<group>"; };
		9D5A1D2F2718BD6600637589 /* PetsModel.swift */ = {isa = PBXFileReference; lastKnownFileType = sourcecode.swift; path = PetsModel.swift; sourceTree = "<group>"; };
		9D6449CA272898A8007BFB63 /* PersistanceManager.swift */ = {isa = PBXFileReference; lastKnownFileType = sourcecode.swift; path = PersistanceManager.swift; sourceTree = "<group>"; };
		9D75F9E62710C509001FF11C /* pt-BR */ = {isa = PBXFileReference; lastKnownFileType = text.plist.strings; name = "pt-BR"; path = "pt-BR.lproj/Main.strings"; sourceTree = "<group>"; };
		9D75F9E72710C509001FF11C /* pt-BR */ = {isa = PBXFileReference; lastKnownFileType = text.plist.strings; name = "pt-BR"; path = "pt-BR.lproj/LaunchScreen.strings"; sourceTree = "<group>"; };
		9D75F9EB2710C54D001FF11C /* en */ = {isa = PBXFileReference; lastKnownFileType = text.plist.strings; name = en; path = en.lproj/Localizable.strings; sourceTree = "<group>"; };
		9D75F9ED2710C554001FF11C /* pt-BR */ = {isa = PBXFileReference; lastKnownFileType = text.plist.strings; name = "pt-BR"; path = "pt-BR.lproj/Localizable.strings"; sourceTree = "<group>"; };
		9D90D1402728683300689292 /* Model.xcdatamodel */ = {isa = PBXFileReference; lastKnownFileType = wrapper.xcdatamodel; path = Model.xcdatamodel; sourceTree = "<group>"; };
		9DCC58E127189992007A800C /* FeedModel.swift */ = {isa = PBXFileReference; lastKnownFileType = sourcecode.swift; path = FeedModel.swift; sourceTree = "<group>"; };
		9DCC58E3271899B1007A800C /* Settings.storyboard */ = {isa = PBXFileReference; lastKnownFileType = file.storyboard; path = Settings.storyboard; sourceTree = "<group>"; };
		9DCC58E5271899C7007A800C /* SettingsViewController.swift */ = {isa = PBXFileReference; lastKnownFileType = sourcecode.swift; path = SettingsViewController.swift; sourceTree = "<group>"; };
		9DCC58E7271899E4007A800C /* SettingsModel.swift */ = {isa = PBXFileReference; lastKnownFileType = sourcecode.swift; path = SettingsModel.swift; sourceTree = "<group>"; };
		9DCC58E927189A0A007A800C /* Task.storyboard */ = {isa = PBXFileReference; lastKnownFileType = file.storyboard; path = Task.storyboard; sourceTree = "<group>"; };
		9DCC58EB27189A1E007A800C /* TaskViewController.swift */ = {isa = PBXFileReference; lastKnownFileType = sourcecode.swift; path = TaskViewController.swift; sourceTree = "<group>"; };
		9DCC58ED27189A2C007A800C /* TaskModel.swift */ = {isa = PBXFileReference; lastKnownFileType = sourcecode.swift; path = TaskModel.swift; sourceTree = "<group>"; };
		F496C571271A140C00443927 /* NewPetViewController.swift */ = {isa = PBXFileReference; lastKnownFileType = sourcecode.swift; path = NewPetViewController.swift; sourceTree = "<group>"; };
		F496C573271F597C00443927 /* TaskScreenViewController.swift */ = {isa = PBXFileReference; lastKnownFileType = sourcecode.swift; path = TaskScreenViewController.swift; sourceTree = "<group>"; };
		F496C575271F612300443927 /* TaskScreenTableViewCell.swift */ = {isa = PBXFileReference; lastKnownFileType = sourcecode.swift; path = TaskScreenTableViewCell.swift; sourceTree = "<group>"; };
		F4D612972729E3A200C49FCB /* TasksArray.swift */ = {isa = PBXFileReference; lastKnownFileType = sourcecode.swift; path = TasksArray.swift; sourceTree = "<group>"; };
		F4D6129D272B3BE300C49FCB /* TaskSettingsViewController.swift */ = {isa = PBXFileReference; lastKnownFileType = sourcecode.swift; path = TaskSettingsViewController.swift; sourceTree = "<group>"; };
		F4D6129F272B491800C49FCB /* addWarningTableViewCell.swift */ = {isa = PBXFileReference; lastKnownFileType = sourcecode.swift; path = addWarningTableViewCell.swift; sourceTree = "<group>"; };
		F4D612A1272B492E00C49FCB /* warningTableViewCell.swift */ = {isa = PBXFileReference; lastKnownFileType = sourcecode.swift; path = warningTableViewCell.swift; sourceTree = "<group>"; };
		F4D612A3272B493900C49FCB /* repeatTableViewCell.swift */ = {isa = PBXFileReference; lastKnownFileType = sourcecode.swift; path = repeatTableViewCell.swift; sourceTree = "<group>"; };
		F4D612A5272B494200C49FCB /* notesTableViewCell.swift */ = {isa = PBXFileReference; lastKnownFileType = sourcecode.swift; path = notesTableViewCell.swift; sourceTree = "<group>"; };
		FD06EAB82721FA0B00EC4D37 /* AdjustmentsTableViewCell.swift */ = {isa = PBXFileReference; lastKnownFileType = sourcecode.swift; path = AdjustmentsTableViewCell.swift; sourceTree = "<group>"; };
		FD06EABA27232C0A00EC4D37 /* ContactTableViewCell.swift */ = {isa = PBXFileReference; lastKnownFileType = sourcecode.swift; path = ContactTableViewCell.swift; sourceTree = "<group>"; };
		FD7599AD2727189300B86111 /* DevelopedByTableViewCell.swift */ = {isa = PBXFileReference; lastKnownFileType = sourcecode.swift; path = DevelopedByTableViewCell.swift; sourceTree = "<group>"; };
		FD86996C271F14DA00FC9725 /* TasksSettingsViewController.swift */ = {isa = PBXFileReference; lastKnownFileType = sourcecode.swift; path = TasksSettingsViewController.swift; sourceTree = "<group>"; };
		FD86996E271F288900FC9725 /* WarningsOfTaskSettingsTableViewCell.swift */ = {isa = PBXFileReference; lastKnownFileType = sourcecode.swift; path = WarningsOfTaskSettingsTableViewCell.swift; sourceTree = "<group>"; };
/* End PBXFileReference section */

/* Begin PBXFrameworksBuildPhase section */
		9D1E74FB270E118E00321E54 /* Frameworks */ = {
			isa = PBXFrameworksBuildPhase;
			buildActionMask = 2147483647;
			files = (
			);
			runOnlyForDeploymentPostprocessing = 0;
		};
/* End PBXFrameworksBuildPhase section */

/* Begin PBXGroup section */
		5C86C9F3271DE1FF00FD1C2C /* Task Screen_Task Settings */ = {
			isa = PBXGroup;
			children = (
				F4D61299272B3AB800C49FCB /* TaskScreen */,
				F4D6129A272B3AC400C49FCB /* TaskSettings */,
				5C86C9F7271DE4BE00FD1C2C /* TaskScreen.storyboard */,
				F4D612972729E3A200C49FCB /* TasksArray.swift */,
			);
			path = "Task Screen_Task Settings";
			sourceTree = "<group>";
		};
		5C86C9F4271DE26A00FD1C2C /* New Pet */ = {
			isa = PBXGroup;
			children = (
				9D5A1D282718B52B00637589 /* NewPet.storyboard */,
				F496C571271A140C00443927 /* NewPetViewController.swift */,
				5C86C9FD271E0CAC00FD1C2C /* ShareTableViewCell.swift */,
				5C145B582721DA970091C02A /* TextFieldTableViewCell.swift */,
				5C145B5C2721DF090091C02A /* ImagePickerManager.swift */,
			);
			path = "New Pet";
			sourceTree = "<group>";
		};
		5C86C9F6271DE27D00FD1C2C /* Pet Details */ = {
			isa = PBXGroup;
			children = (
				5C86C9F9271DE4E200FD1C2C /* PetDetails.storyboard */,
				5C86C9FB271DE91000FD1C2C /* PetDetailsViewController.swift */,
			);
			path = "Pet Details";
			sourceTree = "<group>";
		};
		9D1E74F5270E118E00321E54 = {
			isa = PBXGroup;
			children = (
				9D1E7500270E118E00321E54 /* petNames */,
				9D1E74FF270E118E00321E54 /* Products */,
			);
			sourceTree = "<group>";
		};
		9D1E74FF270E118E00321E54 /* Products */ = {
			isa = PBXGroup;
			children = (
				9D1E74FE270E118E00321E54 /* petNames.app */,
			);
			name = Products;
			sourceTree = "<group>";
		};
		9D1E7500270E118E00321E54 /* petNames */ = {
			isa = PBXGroup;
			children = (
				9D90D13E2728680000689292 /* CoreData */,
				9D5A1D2A2718BD2C00637589 /* Pets */,
				9D5A1D272718B50300637589 /* Add Pet */,
				9DCC58E02718996B007A800C /* Tasks */,
				9DCC58DF27189952007A800C /* Settings */,
				9DCC58DB2718964A007A800C /* Feed */,
				9D1E7501270E118E00321E54 /* AppDelegate.swift */,
				9D1E7503270E118E00321E54 /* SceneDelegate.swift */,
				9D1E750A270E119000321E54 /* Assets.xcassets */,
				9D295290271DE1410079A685 /* Fonts */,
				9D1E750C270E119000321E54 /* LaunchScreen.storyboard */,
				9D1E750F270E119000321E54 /* Info.plist */,
				9D75F9EC2710C54D001FF11C /* Localizable.strings */,
			);
			path = petNames;
			sourceTree = "<group>";
		};
		9D295290271DE1410079A685 /* Fonts */ = {
			isa = PBXGroup;
			children = (
				9D1788AC271DE63900C839DF /* SF-Pro-Rounded-Black.otf */,
				9D1788AB271DE63900C839DF /* SF-Pro-Rounded-Bold.otf */,
				9D1788AE271DE63900C839DF /* SF-Pro-Rounded-Heavy.otf */,
				9D1788AA271DE63900C839DF /* SF-Pro-Rounded-Light.otf */,
				9D1788AD271DE63900C839DF /* SF-Pro-Rounded-Medium.otf */,
				9D1788B0271DE63A00C839DF /* SF-Pro-Rounded-Regular.otf */,
				9D1788AF271DE63A00C839DF /* SF-Pro-Rounded-Semibold.otf */,
				9D1788B1271DE63A00C839DF /* SF-Pro-Rounded-Thin.otf */,
				9D1788A9271DE63900C839DF /* SF-Pro-Rounded-Ultralight.otf */,
				9D295291271DE3A80079A685 /* SF-Pro-Rounded-Regular.otf */,
			);
			path = Fonts;
			sourceTree = "<group>";
		};
		9D5A1D272718B50300637589 /* Add Pet */ = {
			isa = PBXGroup;
			children = (
				5C86C9F4271DE26A00FD1C2C /* New Pet */,
				5C86C9F3271DE1FF00FD1C2C /* Task Screen_Task Settings */,
				5C86C9F6271DE27D00FD1C2C /* Pet Details */,
			);
			path = "Add Pet";
			sourceTree = "<group>";
		};
		9D5A1D2A2718BD2C00637589 /* Pets */ = {
			isa = PBXGroup;
			children = (
				9D5A1D2B2718BD3E00637589 /* Pets.storyboard */,
				9D5A1D2D2718BD5A00637589 /* PetsViewController.swift */,
				9D5A1D2F2718BD6600637589 /* PetsModel.swift */,
			);
			path = Pets;
			sourceTree = "<group>";
		};
		9D90D13E2728680000689292 /* CoreData */ = {
			isa = PBXGroup;
			children = (
				9D90D13F2728683300689292 /* Model.xcdatamodeld */,
				9D6449CA272898A8007BFB63 /* PersistanceManager.swift */,
			);
			path = CoreData;
			sourceTree = "<group>";
		};
		9DCC58DB2718964A007A800C /* Feed */ = {
			isa = PBXGroup;
			children = (
				9D1E7505270E118E00321E54 /* FeedViewController.swift */,
				9DCC58E127189992007A800C /* FeedModel.swift */,
				9D1E7507270E118E00321E54 /* Main.storyboard */,
			);
			path = Feed;
			sourceTree = "<group>";
		};
		9DCC58DF27189952007A800C /* Settings */ = {
			isa = PBXGroup;
			children = (
				FD06EABC27232D8400EC4D37 /* Cells */,
				9DCC58E5271899C7007A800C /* SettingsViewController.swift */,
				9DCC58E7271899E4007A800C /* SettingsModel.swift */,
				9DCC58E3271899B1007A800C /* Settings.storyboard */,
			);
			path = Settings;
			sourceTree = "<group>";
		};
		9DCC58E02718996B007A800C /* Tasks */ = {
			isa = PBXGroup;
			children = (
				FD86996B271F148600FC9725 /* TasksSettings */,
				FD86996A271F145100FC9725 /* TasksScreen */,
				9DCC58E927189A0A007A800C /* Task.storyboard */,
			);
			path = Tasks;
			sourceTree = "<group>";
		};
		F4D61299272B3AB800C49FCB /* TaskScreen */ = {
			isa = PBXGroup;
			children = (
				F496C573271F597C00443927 /* TaskScreenViewController.swift */,
				F496C575271F612300443927 /* TaskScreenTableViewCell.swift */,
			);
			path = TaskScreen;
			sourceTree = "<group>";
		};
		F4D6129A272B3AC400C49FCB /* TaskSettings */ = {
			isa = PBXGroup;
			children = (
				F4D6129D272B3BE300C49FCB /* TaskSettingsViewController.swift */,
				F4D6129F272B491800C49FCB /* addWarningTableViewCell.swift */,
				F4D612A1272B492E00C49FCB /* warningTableViewCell.swift */,
				F4D612A3272B493900C49FCB /* repeatTableViewCell.swift */,
				F4D612A5272B494200C49FCB /* notesTableViewCell.swift */,
			);
			path = TaskSettings;
			sourceTree = "<group>";
		};
		FD06EABC27232D8400EC4D37 /* Cells */ = {
			isa = PBXGroup;
			children = (
				FD06EAB82721FA0B00EC4D37 /* AdjustmentsTableViewCell.swift */,
				FD06EABA27232C0A00EC4D37 /* ContactTableViewCell.swift */,
				FD7599AD2727189300B86111 /* DevelopedByTableViewCell.swift */,
			);
			path = Cells;
			sourceTree = "<group>";
		};
		FD86996A271F145100FC9725 /* TasksScreen */ = {
			isa = PBXGroup;
			children = (
				9DCC58EB27189A1E007A800C /* TaskViewController.swift */,
				9DCC58ED27189A2C007A800C /* TaskModel.swift */,
				9D1788B2271DE8CF00C839DF /* TaskTableViewCell.swift */,
			);
			path = TasksScreen;
			sourceTree = "<group>";
		};
		FD86996B271F148600FC9725 /* TasksSettings */ = {
			isa = PBXGroup;
			children = (
				FD86996C271F14DA00FC9725 /* TasksSettingsViewController.swift */,
				FD86996E271F288900FC9725 /* WarningsOfTaskSettingsTableViewCell.swift */,
			);
			path = TasksSettings;
			sourceTree = "<group>";
		};
/* End PBXGroup section */

/* Begin PBXNativeTarget section */
		9D1E74FD270E118E00321E54 /* petNames */ = {
			isa = PBXNativeTarget;
			buildConfigurationList = 9D1E7512270E119000321E54 /* Build configuration list for PBXNativeTarget "petNames" */;
			buildPhases = (
				9D1E7515270E134100321E54 /* Run Swift Lint */,
				9D1E74FA270E118E00321E54 /* Sources */,
				9D1E74FB270E118E00321E54 /* Frameworks */,
				9D1E74FC270E118E00321E54 /* Resources */,
			);
			buildRules = (
			);
			dependencies = (
			);
			name = petNames;
			productName = petNames;
			productReference = 9D1E74FE270E118E00321E54 /* petNames.app */;
			productType = "com.apple.product-type.application";
		};
/* End PBXNativeTarget section */

/* Begin PBXProject section */
		9D1E74F6270E118E00321E54 /* Project object */ = {
			isa = PBXProject;
			attributes = {
				BuildIndependentTargetsInParallel = 1;
				LastSwiftUpdateCheck = 1300;
				LastUpgradeCheck = 1300;
				TargetAttributes = {
					9D1E74FD270E118E00321E54 = {
						CreatedOnToolsVersion = 13.0;
					};
				};
			};
			buildConfigurationList = 9D1E74F9270E118E00321E54 /* Build configuration list for PBXProject "petNames" */;
			compatibilityVersion = "Xcode 13.0";
			developmentRegion = en;
			hasScannedForEncodings = 0;
			knownRegions = (
				en,
				Base,
				"pt-BR",
			);
			mainGroup = 9D1E74F5270E118E00321E54;
			productRefGroup = 9D1E74FF270E118E00321E54 /* Products */;
			projectDirPath = "";
			projectRoot = "";
			targets = (
				9D1E74FD270E118E00321E54 /* petNames */,
			);
		};
/* End PBXProject section */

/* Begin PBXResourcesBuildPhase section */
		9D1E74FC270E118E00321E54 /* Resources */ = {
			isa = PBXResourcesBuildPhase;
			buildActionMask = 2147483647;
			files = (
				FD06EAAC2721E9C700EC4D37 /* SF-Pro-Rounded-Black.otf in Resources */,
				FD06EAAD2721E9C700EC4D37 /* SF-Pro-Rounded-Bold.otf in Resources */,
				FD06EAAE2721E9C700EC4D37 /* SF-Pro-Rounded-Heavy.otf in Resources */,
				FD06EAAF2721E9C700EC4D37 /* SF-Pro-Rounded-Light.otf in Resources */,
				FD06EAB02721E9C700EC4D37 /* SF-Pro-Rounded-Medium.otf in Resources */,
				FD06EAB22721E9C700EC4D37 /* SF-Pro-Rounded-Semibold.otf in Resources */,
				FD06EAB32721E9C700EC4D37 /* SF-Pro-Rounded-Thin.otf in Resources */,
				FD06EAB42721E9C700EC4D37 /* SF-Pro-Rounded-Ultralight.otf in Resources */,
				FD06EAB52721E9C700EC4D37 /* SF-Pro-Rounded-Regular.otf in Resources */,
				9D1E750E270E119000321E54 /* LaunchScreen.storyboard in Resources */,
				9DCC58EA27189A0A007A800C /* Task.storyboard in Resources */,
				9D5A1D2C2718BD3E00637589 /* Pets.storyboard in Resources */,
				9D75F9EA2710C54D001FF11C /* Localizable.strings in Resources */,
				9D1E750B270E119000321E54 /* Assets.xcassets in Resources */,
				9D1E7509270E118E00321E54 /* Main.storyboard in Resources */,
				5C86C9F8271DE4BE00FD1C2C /* TaskScreen.storyboard in Resources */,
				9D5A1D292718B52B00637589 /* NewPet.storyboard in Resources */,
				5C86C9FA271DE4E200FD1C2C /* PetDetails.storyboard in Resources */,
				9DCC58E4271899B1007A800C /* Settings.storyboard in Resources */,
			);
			runOnlyForDeploymentPostprocessing = 0;
		};
/* End PBXResourcesBuildPhase section */

/* Begin PBXShellScriptBuildPhase section */
		9D1E7515270E134100321E54 /* Run Swift Lint */ = {
			isa = PBXShellScriptBuildPhase;
			buildActionMask = 2147483647;
			files = (
			);
			inputFileListPaths = (
			);
			inputPaths = (
			);
			name = "Run Swift Lint";
			outputFileListPaths = (
			);
			outputPaths = (
			);
			runOnlyForDeploymentPostprocessing = 0;
			shellPath = /bin/sh;
			shellScript = "if which swiftlint >/dev/null; then\n  swiftlint --lenient\nelse\n  echo \"warning: SwiftLint not installed, download from https://github.com/realm/SwiftLint\"\nfi\n\n";
		};
/* End PBXShellScriptBuildPhase section */

/* Begin PBXSourcesBuildPhase section */
		9D1E74FA270E118E00321E54 /* Sources */ = {
			isa = PBXSourcesBuildPhase;
			buildActionMask = 2147483647;
			files = (
				9DCC58E8271899E4007A800C /* SettingsModel.swift in Sources */,
				F496C574271F597C00443927 /* TaskScreenViewController.swift in Sources */,
				F4D612982729E3A200C49FCB /* TasksArray.swift in Sources */,
				F4D612A6272B494200C49FCB /* notesTableViewCell.swift in Sources */,
				9DCC58EC27189A1E007A800C /* TaskViewController.swift in Sources */,
				F496C576271F612300443927 /* TaskScreenTableViewCell.swift in Sources */,
				FD86996D271F14DA00FC9725 /* TasksSettingsViewController.swift in Sources */,
				FD7599AE2727189300B86111 /* DevelopedByTableViewCell.swift in Sources */,
				9D1788B3271DE8CF00C839DF /* TaskTableViewCell.swift in Sources */,
				9D1E7506270E118E00321E54 /* FeedViewController.swift in Sources */,
				9D1E7502270E118E00321E54 /* AppDelegate.swift in Sources */,
				F4D612A0272B491800C49FCB /* addWarningTableViewCell.swift in Sources */,
				9D90D1412728683300689292 /* Model.xcdatamodeld in Sources */,
				F496C572271A140C00443927 /* NewPetViewController.swift in Sources */,
				9D5A1D2E2718BD5A00637589 /* PetsViewController.swift in Sources */,
				9D1E7504270E118E00321E54 /* SceneDelegate.swift in Sources */,
				5C145B5D2721DF090091C02A /* ImagePickerManager.swift in Sources */,
				5C86C9FC271DE91000FD1C2C /* PetDetailsViewController.swift in Sources */,
				9DCC58E6271899C7007A800C /* SettingsViewController.swift in Sources */,
				9D5A1D302718BD6600637589 /* PetsModel.swift in Sources */,
				FD06EAB92721FA0B00EC4D37 /* AdjustmentsTableViewCell.swift in Sources */,
				F4D612A4272B493900C49FCB /* repeatTableViewCell.swift in Sources */,
				9DCC58EE27189A2C007A800C /* TaskModel.swift in Sources */,
				FD06EABB27232C0A00EC4D37 /* ContactTableViewCell.swift in Sources */,
				F4D612A2272B492E00C49FCB /* warningTableViewCell.swift in Sources */,
				9D6449CB272898A8007BFB63 /* PersistanceManager.swift in Sources */,
				FD86996F271F288900FC9725 /* WarningsOfTaskSettingsTableViewCell.swift in Sources */,
				9DCC58E227189992007A800C /* FeedModel.swift in Sources */,
				F4D6129E272B3BE300C49FCB /* TaskSettingsViewController.swift in Sources */,
				5C86C9FE271E0CAC00FD1C2C /* ShareTableViewCell.swift in Sources */,
				5C145B592721DA970091C02A /* TextFieldTableViewCell.swift in Sources */,
			);
			runOnlyForDeploymentPostprocessing = 0;
		};
/* End PBXSourcesBuildPhase section */

/* Begin PBXVariantGroup section */
		9D1E7507270E118E00321E54 /* Main.storyboard */ = {
			isa = PBXVariantGroup;
			children = (
				9D1E7508270E118E00321E54 /* Base */,
				9D75F9E62710C509001FF11C /* pt-BR */,
			);
			name = Main.storyboard;
			sourceTree = "<group>";
		};
		9D1E750C270E119000321E54 /* LaunchScreen.storyboard */ = {
			isa = PBXVariantGroup;
			children = (
				9D1E750D270E119000321E54 /* Base */,
				9D75F9E72710C509001FF11C /* pt-BR */,
			);
			name = LaunchScreen.storyboard;
			sourceTree = "<group>";
		};
		9D75F9EC2710C54D001FF11C /* Localizable.strings */ = {
			isa = PBXVariantGroup;
			children = (
				9D75F9EB2710C54D001FF11C /* en */,
				9D75F9ED2710C554001FF11C /* pt-BR */,
			);
			name = Localizable.strings;
			sourceTree = "<group>";
		};
/* End PBXVariantGroup section */

/* Begin XCBuildConfiguration section */
		9D1E7510270E119000321E54 /* Debug */ = {
			isa = XCBuildConfiguration;
			buildSettings = {
				ALWAYS_SEARCH_USER_PATHS = NO;
				CLANG_ANALYZER_LOCALIZABILITY_NONLOCALIZED = YES;
				CLANG_ANALYZER_NONNULL = YES;
				CLANG_ANALYZER_NUMBER_OBJECT_CONVERSION = YES_AGGRESSIVE;
				CLANG_CXX_LANGUAGE_STANDARD = "gnu++17";
				CLANG_CXX_LIBRARY = "libc++";
				CLANG_ENABLE_MODULES = YES;
				CLANG_ENABLE_OBJC_ARC = YES;
				CLANG_ENABLE_OBJC_WEAK = YES;
				CLANG_WARN_BLOCK_CAPTURE_AUTORELEASING = YES;
				CLANG_WARN_BOOL_CONVERSION = YES;
				CLANG_WARN_COMMA = YES;
				CLANG_WARN_CONSTANT_CONVERSION = YES;
				CLANG_WARN_DEPRECATED_OBJC_IMPLEMENTATIONS = YES;
				CLANG_WARN_DIRECT_OBJC_ISA_USAGE = YES_ERROR;
				CLANG_WARN_DOCUMENTATION_COMMENTS = YES;
				CLANG_WARN_EMPTY_BODY = YES;
				CLANG_WARN_ENUM_CONVERSION = YES;
				CLANG_WARN_INFINITE_RECURSION = YES;
				CLANG_WARN_INT_CONVERSION = YES;
				CLANG_WARN_NON_LITERAL_NULL_CONVERSION = YES;
				CLANG_WARN_OBJC_IMPLICIT_RETAIN_SELF = YES;
				CLANG_WARN_OBJC_LITERAL_CONVERSION = YES;
				CLANG_WARN_OBJC_ROOT_CLASS = YES_ERROR;
				CLANG_WARN_QUOTED_INCLUDE_IN_FRAMEWORK_HEADER = YES;
				CLANG_WARN_RANGE_LOOP_ANALYSIS = YES;
				CLANG_WARN_STRICT_PROTOTYPES = YES;
				CLANG_WARN_SUSPICIOUS_MOVE = YES;
				CLANG_WARN_UNGUARDED_AVAILABILITY = YES_AGGRESSIVE;
				CLANG_WARN_UNREACHABLE_CODE = YES;
				CLANG_WARN__DUPLICATE_METHOD_MATCH = YES;
				COPY_PHASE_STRIP = NO;
				DEBUG_INFORMATION_FORMAT = dwarf;
				ENABLE_STRICT_OBJC_MSGSEND = YES;
				ENABLE_TESTABILITY = YES;
				GCC_C_LANGUAGE_STANDARD = gnu11;
				GCC_DYNAMIC_NO_PIC = NO;
				GCC_NO_COMMON_BLOCKS = YES;
				GCC_OPTIMIZATION_LEVEL = 0;
				GCC_PREPROCESSOR_DEFINITIONS = (
					"DEBUG=1",
					"$(inherited)",
				);
				GCC_WARN_64_TO_32_BIT_CONVERSION = YES;
				GCC_WARN_ABOUT_RETURN_TYPE = YES_ERROR;
				GCC_WARN_UNDECLARED_SELECTOR = YES;
				GCC_WARN_UNINITIALIZED_AUTOS = YES_AGGRESSIVE;
				GCC_WARN_UNUSED_FUNCTION = YES;
				GCC_WARN_UNUSED_VARIABLE = YES;
				IPHONEOS_DEPLOYMENT_TARGET = 15.0;
				MTL_ENABLE_DEBUG_INFO = INCLUDE_SOURCE;
				MTL_FAST_MATH = YES;
				ONLY_ACTIVE_ARCH = YES;
				SDKROOT = iphoneos;
				SWIFT_ACTIVE_COMPILATION_CONDITIONS = DEBUG;
				SWIFT_OPTIMIZATION_LEVEL = "-Onone";
			};
			name = Debug;
		};
		9D1E7511270E119000321E54 /* Release */ = {
			isa = XCBuildConfiguration;
			buildSettings = {
				ALWAYS_SEARCH_USER_PATHS = NO;
				CLANG_ANALYZER_LOCALIZABILITY_NONLOCALIZED = YES;
				CLANG_ANALYZER_NONNULL = YES;
				CLANG_ANALYZER_NUMBER_OBJECT_CONVERSION = YES_AGGRESSIVE;
				CLANG_CXX_LANGUAGE_STANDARD = "gnu++17";
				CLANG_CXX_LIBRARY = "libc++";
				CLANG_ENABLE_MODULES = YES;
				CLANG_ENABLE_OBJC_ARC = YES;
				CLANG_ENABLE_OBJC_WEAK = YES;
				CLANG_WARN_BLOCK_CAPTURE_AUTORELEASING = YES;
				CLANG_WARN_BOOL_CONVERSION = YES;
				CLANG_WARN_COMMA = YES;
				CLANG_WARN_CONSTANT_CONVERSION = YES;
				CLANG_WARN_DEPRECATED_OBJC_IMPLEMENTATIONS = YES;
				CLANG_WARN_DIRECT_OBJC_ISA_USAGE = YES_ERROR;
				CLANG_WARN_DOCUMENTATION_COMMENTS = YES;
				CLANG_WARN_EMPTY_BODY = YES;
				CLANG_WARN_ENUM_CONVERSION = YES;
				CLANG_WARN_INFINITE_RECURSION = YES;
				CLANG_WARN_INT_CONVERSION = YES;
				CLANG_WARN_NON_LITERAL_NULL_CONVERSION = YES;
				CLANG_WARN_OBJC_IMPLICIT_RETAIN_SELF = YES;
				CLANG_WARN_OBJC_LITERAL_CONVERSION = YES;
				CLANG_WARN_OBJC_ROOT_CLASS = YES_ERROR;
				CLANG_WARN_QUOTED_INCLUDE_IN_FRAMEWORK_HEADER = YES;
				CLANG_WARN_RANGE_LOOP_ANALYSIS = YES;
				CLANG_WARN_STRICT_PROTOTYPES = YES;
				CLANG_WARN_SUSPICIOUS_MOVE = YES;
				CLANG_WARN_UNGUARDED_AVAILABILITY = YES_AGGRESSIVE;
				CLANG_WARN_UNREACHABLE_CODE = YES;
				CLANG_WARN__DUPLICATE_METHOD_MATCH = YES;
				COPY_PHASE_STRIP = NO;
				DEBUG_INFORMATION_FORMAT = "dwarf-with-dsym";
				ENABLE_NS_ASSERTIONS = NO;
				ENABLE_STRICT_OBJC_MSGSEND = YES;
				GCC_C_LANGUAGE_STANDARD = gnu11;
				GCC_NO_COMMON_BLOCKS = YES;
				GCC_WARN_64_TO_32_BIT_CONVERSION = YES;
				GCC_WARN_ABOUT_RETURN_TYPE = YES_ERROR;
				GCC_WARN_UNDECLARED_SELECTOR = YES;
				GCC_WARN_UNINITIALIZED_AUTOS = YES_AGGRESSIVE;
				GCC_WARN_UNUSED_FUNCTION = YES;
				GCC_WARN_UNUSED_VARIABLE = YES;
				IPHONEOS_DEPLOYMENT_TARGET = 15.0;
				MTL_ENABLE_DEBUG_INFO = NO;
				MTL_FAST_MATH = YES;
				SDKROOT = iphoneos;
				SWIFT_COMPILATION_MODE = wholemodule;
				SWIFT_OPTIMIZATION_LEVEL = "-O";
				VALIDATE_PRODUCT = YES;
			};
			name = Release;
		};
		9D1E7513270E119000321E54 /* Debug */ = {
			isa = XCBuildConfiguration;
			buildSettings = {
				ASSETCATALOG_COMPILER_APPICON_NAME = AppIcon;
				ASSETCATALOG_COMPILER_GLOBAL_ACCENT_COLOR_NAME = AccentColor;
				CODE_SIGN_STYLE = Automatic;
				CURRENT_PROJECT_VERSION = 1;
				DEVELOPMENT_TEAM = TTJUS38QJA;
				GENERATE_INFOPLIST_FILE = YES;
				INFOPLIST_FILE = petNames/Info.plist;
				INFOPLIST_KEY_UIApplicationSupportsIndirectInputEvents = YES;
				INFOPLIST_KEY_UILaunchStoryboardName = LaunchScreen;
				INFOPLIST_KEY_UIMainStoryboardFile = Main;
				INFOPLIST_KEY_UISupportedInterfaceOrientations_iPad = "UIInterfaceOrientationPortrait UIInterfaceOrientationPortraitUpsideDown UIInterfaceOrientationLandscapeLeft UIInterfaceOrientationLandscapeRight";
				INFOPLIST_KEY_UISupportedInterfaceOrientations_iPhone = "UIInterfaceOrientationPortrait UIInterfaceOrientationLandscapeLeft UIInterfaceOrientationLandscapeRight";
				LD_RUNPATH_SEARCH_PATHS = (
					"$(inherited)",
					"@executable_path/Frameworks",
				);
				MARKETING_VERSION = 1.0;
				PRODUCT_BUNDLE_IDENTIFIER = com.rodrigoTarouco.petNames;
				PRODUCT_NAME = "$(TARGET_NAME)";
				SWIFT_EMIT_LOC_STRINGS = YES;
				SWIFT_VERSION = 5.0;
				TARGETED_DEVICE_FAMILY = "1,2";
			};
			name = Debug;
		};
		9D1E7514270E119000321E54 /* Release */ = {
			isa = XCBuildConfiguration;
			buildSettings = {
				ASSETCATALOG_COMPILER_APPICON_NAME = AppIcon;
				ASSETCATALOG_COMPILER_GLOBAL_ACCENT_COLOR_NAME = AccentColor;
				CODE_SIGN_STYLE = Automatic;
				CURRENT_PROJECT_VERSION = 1;
				DEVELOPMENT_TEAM = TTJUS38QJA;
				GENERATE_INFOPLIST_FILE = YES;
				INFOPLIST_FILE = petNames/Info.plist;
				INFOPLIST_KEY_UIApplicationSupportsIndirectInputEvents = YES;
				INFOPLIST_KEY_UILaunchStoryboardName = LaunchScreen;
				INFOPLIST_KEY_UIMainStoryboardFile = Main;
				INFOPLIST_KEY_UISupportedInterfaceOrientations_iPad = "UIInterfaceOrientationPortrait UIInterfaceOrientationPortraitUpsideDown UIInterfaceOrientationLandscapeLeft UIInterfaceOrientationLandscapeRight";
				INFOPLIST_KEY_UISupportedInterfaceOrientations_iPhone = "UIInterfaceOrientationPortrait UIInterfaceOrientationLandscapeLeft UIInterfaceOrientationLandscapeRight";
				LD_RUNPATH_SEARCH_PATHS = (
					"$(inherited)",
					"@executable_path/Frameworks",
				);
				MARKETING_VERSION = 1.0;
				PRODUCT_BUNDLE_IDENTIFIER = com.rodrigoTarouco.petNames;
				PRODUCT_NAME = "$(TARGET_NAME)";
				SWIFT_EMIT_LOC_STRINGS = YES;
				SWIFT_VERSION = 5.0;
				TARGETED_DEVICE_FAMILY = "1,2";
			};
			name = Release;
		};
/* End XCBuildConfiguration section */

/* Begin XCConfigurationList section */
		9D1E74F9270E118E00321E54 /* Build configuration list for PBXProject "petNames" */ = {
			isa = XCConfigurationList;
			buildConfigurations = (
				9D1E7510270E119000321E54 /* Debug */,
				9D1E7511270E119000321E54 /* Release */,
			);
			defaultConfigurationIsVisible = 0;
			defaultConfigurationName = Release;
		};
		9D1E7512270E119000321E54 /* Build configuration list for PBXNativeTarget "petNames" */ = {
			isa = XCConfigurationList;
			buildConfigurations = (
				9D1E7513270E119000321E54 /* Debug */,
				9D1E7514270E119000321E54 /* Release */,
			);
			defaultConfigurationIsVisible = 0;
			defaultConfigurationName = Release;
		};
/* End XCConfigurationList section */

/* Begin XCVersionGroup section */
		9D90D13F2728683300689292 /* Model.xcdatamodeld */ = {
			isa = XCVersionGroup;
			children = (
				9D90D1402728683300689292 /* Model.xcdatamodel */,
			);
			currentVersion = 9D90D1402728683300689292 /* Model.xcdatamodel */;
			path = Model.xcdatamodeld;
			sourceTree = "<group>";
			versionGroupType = wrapper.xcdatamodel;
		};
/* End XCVersionGroup section */
	};
	rootObject = 9D1E74F6270E118E00321E54 /* Project object */;
}
